// !$*UTF8*$!
{
	archiveVersion = 1;
	classes = {
	};
	objectVersion = 48;
	objects = {

/* Begin PBXBuildFile section */
		2204201820328A7A00303B61 /* SmallBoat.swift in Sources */ = {isa = PBXBuildFile; fileRef = 2204201720328A7A00303B61 /* SmallBoat.swift */; };
		2229133620655C3E0044CF0F /* GameManagerDelegate.swift in Sources */ = {isa = PBXBuildFile; fileRef = 2229133520655C3E0044CF0F /* GameManagerDelegate.swift */; };
		222BE22E203605D40036E867 /* GameObject.swift in Sources */ = {isa = PBXBuildFile; fileRef = 222BE22C203605D40036E867 /* GameObject.swift */; };
		222BE22F203605D40036E867 /* GameManager.swift in Sources */ = {isa = PBXBuildFile; fileRef = 222BE22D203605D40036E867 /* GameManager.swift */; };
		222D6403206452550030196C /* AuthenticationView.xib in Resources */ = {isa = PBXBuildFile; fileRef = 222D6402206452550030196C /* AuthenticationView.xib */; };
		222D6406206457AF0030196C /* AuthenticationView.swift in Sources */ = {isa = PBXBuildFile; fileRef = 222D6405206457AF0030196C /* AuthenticationView.swift */; };
		222D640820645DEE0030196C /* NSLayoutConstraintExtensions.swift in Sources */ = {isa = PBXBuildFile; fileRef = 222D640720645DEE0030196C /* NSLayoutConstraintExtensions.swift */; };
		222D640A2064A6700030196C /* GuideView.swift in Sources */ = {isa = PBXBuildFile; fileRef = 222D64092064A6700030196C /* GuideView.swift */; };
		222D640C2064A7020030196C /* GuideView.xib in Resources */ = {isa = PBXBuildFile; fileRef = 222D640B2064A7020030196C /* GuideView.xib */; };
		222D640E2064ACBE0030196C /* Localizable.strings in Resources */ = {isa = PBXBuildFile; fileRef = 222D640D2064ACBE0030196C /* Localizable.strings */; };
		2245B61020336A8B00F1369B /* GameViewController.swift in Sources */ = {isa = PBXBuildFile; fileRef = 2245B60F20336A8B00F1369B /* GameViewController.swift */; };
		225815FA20328EA900F546DD /* MediumBoat.swift in Sources */ = {isa = PBXBuildFile; fileRef = 225815F920328EA900F546DD /* MediumBoat.swift */; };
		225815FC20328F3D00F546DD /* VikingBoat.swift in Sources */ = {isa = PBXBuildFile; fileRef = 225815FB20328F3D00F546DD /* VikingBoat.swift */; };
		2261C1092037D805003E580C /* SceneViewExtensions.swift in Sources */ = {isa = PBXBuildFile; fileRef = 2261C1082037D805003E580C /* SceneViewExtensions.swift */; };
		2261C10B2037D960003E580C /* SCNTransactionExtensions.swift in Sources */ = {isa = PBXBuildFile; fileRef = 2261C10A2037D960003E580C /* SCNTransactionExtensions.swift */; };
		226D9D0C205EE47A002F05DD /* CollisionMasksForGame.swift in Sources */ = {isa = PBXBuildFile; fileRef = 226D9D0B205EE47A002F05DD /* CollisionMasksForGame.swift */; };
		226D9D0E205EFAB4002F05DD /* SCNVector4Extensions.swift in Sources */ = {isa = PBXBuildFile; fileRef = 226D9D0D205EFAB4002F05DD /* SCNVector4Extensions.swift */; };
		227F984C2034CA7D007FF294 /* SCNNodeExtensions.swift in Sources */ = {isa = PBXBuildFile; fileRef = 227F984B2034CA7D007FF294 /* SCNNodeExtensions.swift */; };
		228AB9352030D28500FEC484 /* Boat.swift in Sources */ = {isa = PBXBuildFile; fileRef = 228AB9342030D28500FEC484 /* Boat.swift */; };
		22A3F5E62045D5AB00D89358 /* BoatSpawner.swift in Sources */ = {isa = PBXBuildFile; fileRef = 22A3F5E52045D5AB00D89358 /* BoatSpawner.swift */; };
		22AC2AF320535F7700645CC5 /* HorizontalPlane.swift in Sources */ = {isa = PBXBuildFile; fileRef = 22AC2AF220535F7700645CC5 /* HorizontalPlane.swift */; };
		22AE4EC7206819EB0012089D /* WebRequestHandler.swift in Sources */ = {isa = PBXBuildFile; fileRef = 22AE4EC6206819EB0012089D /* WebRequestHandler.swift */; };
		22AE4EC920681C120012089D /* StringExtensions.swift in Sources */ = {isa = PBXBuildFile; fileRef = 22AE4EC820681C120012089D /* StringExtensions.swift */; };
		22B301D5203C9FDA0020CA46 /* SCNVector3Extensions.swift in Sources */ = {isa = PBXBuildFile; fileRef = 22B301D4203C9FDA0020CA46 /* SCNVector3Extensions.swift */; };
		22BB2EB8204390A400CA71B3 /* MathExpressionExtensions.swift in Sources */ = {isa = PBXBuildFile; fileRef = 22BB2EB7204390A400CA71B3 /* MathExpressionExtensions.swift */; };
		22E1A875202AAB5E009A5BFC /* AppDelegate.swift in Sources */ = {isa = PBXBuildFile; fileRef = 22E1A874202AAB5E009A5BFC /* AppDelegate.swift */; };
		22E1A877202AAB5E009A5BFC /* art.scnassets in Resources */ = {isa = PBXBuildFile; fileRef = 22E1A876202AAB5E009A5BFC /* art.scnassets */; };
		22E1A87C202AAB5E009A5BFC /* Main.storyboard in Resources */ = {isa = PBXBuildFile; fileRef = 22E1A87A202AAB5E009A5BFC /* Main.storyboard */; };
		22E1A881202AAB5E009A5BFC /* LaunchScreen.storyboard in Resources */ = {isa = PBXBuildFile; fileRef = 22E1A87F202AAB5E009A5BFC /* LaunchScreen.storyboard */; };
		22EC7D7E2069880F0097E02B /* CDAlertViewExtensions.swift in Sources */ = {isa = PBXBuildFile; fileRef = 22EC7D7D2069880F0097E02B /* CDAlertViewExtensions.swift */; };
		35BE87A72036620D004EA2CF /* SailBoat.swift in Sources */ = {isa = PBXBuildFile; fileRef = 35BE87A62036620D004EA2CF /* SailBoat.swift */; };
		35E422BD206C0DEB0057B422 /* MenuView.xib in Resources */ = {isa = PBXBuildFile; fileRef = 35E422BC206C0DEB0057B422 /* MenuView.xib */; };
		35E422BF206C0DFA0057B422 /* MenuView.swift in Sources */ = {isa = PBXBuildFile; fileRef = 35E422BE206C0DFA0057B422 /* MenuView.swift */; };
		6916399EB0EF7D759FD33A5B /* Pods_Gun_Ho.framework in Frameworks */ = {isa = PBXBuildFile; fileRef = 74EB10B75494D1E989EAD7E7 /* Pods_Gun_Ho.framework */; };
/* End PBXBuildFile section */

/* Begin PBXFileReference section */
		2204201720328A7A00303B61 /* SmallBoat.swift */ = {isa = PBXFileReference; lastKnownFileType = sourcecode.swift; path = SmallBoat.swift; sourceTree = "<group>"; };
		2229133520655C3E0044CF0F /* GameManagerDelegate.swift */ = {isa = PBXFileReference; lastKnownFileType = sourcecode.swift; path = GameManagerDelegate.swift; sourceTree = "<group>"; };
		222BE22C203605D40036E867 /* GameObject.swift */ = {isa = PBXFileReference; fileEncoding = 4; lastKnownFileType = sourcecode.swift; name = GameObject.swift; path = "Gun Ho/Game Engine/Supporting Files/GameObject.swift"; sourceTree = SOURCE_ROOT; };
		222BE22D203605D40036E867 /* GameManager.swift */ = {isa = PBXFileReference; fileEncoding = 4; lastKnownFileType = sourcecode.swift; name = GameManager.swift; path = "Gun Ho/Game Engine/GameManager.swift"; sourceTree = SOURCE_ROOT; };
		222D6402206452550030196C /* AuthenticationView.xib */ = {isa = PBXFileReference; lastKnownFileType = file.xib; path = AuthenticationView.xib; sourceTree = "<group>"; };
		222D6405206457AF0030196C /* AuthenticationView.swift */ = {isa = PBXFileReference; lastKnownFileType = sourcecode.swift; path = AuthenticationView.swift; sourceTree = "<group>"; };
		222D640720645DEE0030196C /* NSLayoutConstraintExtensions.swift */ = {isa = PBXFileReference; lastKnownFileType = sourcecode.swift; path = NSLayoutConstraintExtensions.swift; sourceTree = "<group>"; };
		222D64092064A6700030196C /* GuideView.swift */ = {isa = PBXFileReference; lastKnownFileType = sourcecode.swift; path = GuideView.swift; sourceTree = "<group>"; };
		222D640B2064A7020030196C /* GuideView.xib */ = {isa = PBXFileReference; lastKnownFileType = file.xib; path = GuideView.xib; sourceTree = "<group>"; };
		222D640D2064ACBE0030196C /* Localizable.strings */ = {isa = PBXFileReference; lastKnownFileType = text.plist.strings; path = Localizable.strings; sourceTree = "<group>"; };
		2245B60E20336A4B00F1369B /* Assets.xcassets */ = {isa = PBXFileReference; lastKnownFileType = folder.assetcatalog; path = Assets.xcassets; sourceTree = "<group>"; };
		2245B60F20336A8B00F1369B /* GameViewController.swift */ = {isa = PBXFileReference; lastKnownFileType = sourcecode.swift; path = GameViewController.swift; sourceTree = "<group>"; };
		225815F920328EA900F546DD /* MediumBoat.swift */ = {isa = PBXFileReference; lastKnownFileType = sourcecode.swift; path = MediumBoat.swift; sourceTree = "<group>"; };
		225815FB20328F3D00F546DD /* VikingBoat.swift */ = {isa = PBXFileReference; lastKnownFileType = sourcecode.swift; path = VikingBoat.swift; sourceTree = "<group>"; };
		2261C1082037D805003E580C /* SceneViewExtensions.swift */ = {isa = PBXFileReference; lastKnownFileType = sourcecode.swift; path = SceneViewExtensions.swift; sourceTree = "<group>"; };
		2261C10A2037D960003E580C /* SCNTransactionExtensions.swift */ = {isa = PBXFileReference; lastKnownFileType = sourcecode.swift; path = SCNTransactionExtensions.swift; sourceTree = "<group>"; };
		226D9D0B205EE47A002F05DD /* CollisionMasksForGame.swift */ = {isa = PBXFileReference; lastKnownFileType = sourcecode.swift; path = CollisionMasksForGame.swift; sourceTree = "<group>"; };
		226D9D0D205EFAB4002F05DD /* SCNVector4Extensions.swift */ = {isa = PBXFileReference; lastKnownFileType = sourcecode.swift; path = SCNVector4Extensions.swift; sourceTree = "<group>"; };
		227F984B2034CA7D007FF294 /* SCNNodeExtensions.swift */ = {isa = PBXFileReference; lastKnownFileType = sourcecode.swift; path = SCNNodeExtensions.swift; sourceTree = "<group>"; };
		228AB9342030D28500FEC484 /* Boat.swift */ = {isa = PBXFileReference; lastKnownFileType = sourcecode.swift; path = Boat.swift; sourceTree = "<group>"; };
		22A3F5E52045D5AB00D89358 /* BoatSpawner.swift */ = {isa = PBXFileReference; lastKnownFileType = sourcecode.swift; path = BoatSpawner.swift; sourceTree = "<group>"; };
		22AC2AF220535F7700645CC5 /* HorizontalPlane.swift */ = {isa = PBXFileReference; lastKnownFileType = sourcecode.swift; path = HorizontalPlane.swift; sourceTree = "<group>"; };
		22AE4EC6206819EB0012089D /* WebRequestHandler.swift */ = {isa = PBXFileReference; lastKnownFileType = sourcecode.swift; path = WebRequestHandler.swift; sourceTree = "<group>"; };
		22AE4EC820681C120012089D /* StringExtensions.swift */ = {isa = PBXFileReference; lastKnownFileType = sourcecode.swift; path = StringExtensions.swift; sourceTree = "<group>"; };
		22AE4ECA20681D620012089D /* Gun-Ho-Bridging-Header.h */ = {isa = PBXFileReference; lastKnownFileType = sourcecode.c.h; path = "Gun-Ho-Bridging-Header.h"; sourceTree = "<group>"; };
		22B301D4203C9FDA0020CA46 /* SCNVector3Extensions.swift */ = {isa = PBXFileReference; lastKnownFileType = sourcecode.swift; path = SCNVector3Extensions.swift; sourceTree = "<group>"; };
		22BB2EB7204390A400CA71B3 /* MathExpressionExtensions.swift */ = {isa = PBXFileReference; lastKnownFileType = sourcecode.swift; path = MathExpressionExtensions.swift; sourceTree = "<group>"; };
		22E1A871202AAB5E009A5BFC /* Gun Ho.app */ = {isa = PBXFileReference; explicitFileType = wrapper.application; includeInIndex = 0; path = "Gun Ho.app"; sourceTree = BUILT_PRODUCTS_DIR; };
		22E1A874202AAB5E009A5BFC /* AppDelegate.swift */ = {isa = PBXFileReference; lastKnownFileType = sourcecode.swift; path = AppDelegate.swift; sourceTree = "<group>"; };
		22E1A876202AAB5E009A5BFC /* art.scnassets */ = {isa = PBXFileReference; lastKnownFileType = wrapper.scnassets; path = art.scnassets; sourceTree = "<group>"; };
		22E1A87B202AAB5E009A5BFC /* Base */ = {isa = PBXFileReference; lastKnownFileType = file.storyboard; name = Base; path = Base.lproj/Main.storyboard; sourceTree = "<group>"; };
		22E1A880202AAB5E009A5BFC /* Base */ = {isa = PBXFileReference; lastKnownFileType = file.storyboard; name = Base; path = Base.lproj/LaunchScreen.storyboard; sourceTree = "<group>"; };
		22E1A882202AAB5E009A5BFC /* Info.plist */ = {isa = PBXFileReference; lastKnownFileType = text.plist.xml; path = Info.plist; sourceTree = "<group>"; };
		22EC7D7D2069880F0097E02B /* CDAlertViewExtensions.swift */ = {isa = PBXFileReference; lastKnownFileType = sourcecode.swift; path = CDAlertViewExtensions.swift; sourceTree = "<group>"; };
		35BE87A62036620D004EA2CF /* SailBoat.swift */ = {isa = PBXFileReference; lastKnownFileType = sourcecode.swift; path = SailBoat.swift; sourceTree = "<group>"; };
		35E422BC206C0DEB0057B422 /* MenuView.xib */ = {isa = PBXFileReference; lastKnownFileType = file.xib; path = MenuView.xib; sourceTree = "<group>"; };
		35E422BE206C0DFA0057B422 /* MenuView.swift */ = {isa = PBXFileReference; lastKnownFileType = sourcecode.swift; path = MenuView.swift; sourceTree = "<group>"; };
		4A73BA3E658AB3189835D6AB /* Pods-Gun Ho.release.xcconfig */ = {isa = PBXFileReference; includeInIndex = 1; lastKnownFileType = text.xcconfig; name = "Pods-Gun Ho.release.xcconfig"; path = "Pods/Target Support Files/Pods-Gun Ho/Pods-Gun Ho.release.xcconfig"; sourceTree = "<group>"; };
		74EB10B75494D1E989EAD7E7 /* Pods_Gun_Ho.framework */ = {isa = PBXFileReference; explicitFileType = wrapper.framework; includeInIndex = 0; path = Pods_Gun_Ho.framework; sourceTree = BUILT_PRODUCTS_DIR; };
		B912BCDDBC095BF4310C5AA3 /* Pods-Gun Ho.debug.xcconfig */ = {isa = PBXFileReference; includeInIndex = 1; lastKnownFileType = text.xcconfig; name = "Pods-Gun Ho.debug.xcconfig"; path = "Pods/Target Support Files/Pods-Gun Ho/Pods-Gun Ho.debug.xcconfig"; sourceTree = "<group>"; };
/* End PBXFileReference section */

/* Begin PBXFrameworksBuildPhase section */
		22E1A86E202AAB5E009A5BFC /* Frameworks */ = {
			isa = PBXFrameworksBuildPhase;
			buildActionMask = 2147483647;
			files = (
				6916399EB0EF7D759FD33A5B /* Pods_Gun_Ho.framework in Frameworks */,
			);
			runOnlyForDeploymentPostprocessing = 0;
		};
/* End PBXFrameworksBuildPhase section */

/* Begin PBXGroup section */
		222BE230203617530036E867 /* Game Engine */ = {
			isa = PBXGroup;
			children = (
				222BE22D203605D40036E867 /* GameManager.swift */,
				2229133520655C3E0044CF0F /* GameManagerDelegate.swift */,
				22EC7D7A20696D1A0097E02B /* Supporting Files */,
			);
			path = "Game Engine";
			sourceTree = "<group>";
		};
		222D6404206457930030196C /* Views */ = {
			isa = PBXGroup;
			children = (
				222D640B2064A7020030196C /* GuideView.xib */,
				222D64092064A6700030196C /* GuideView.swift */,
				222D6402206452550030196C /* AuthenticationView.xib */,
				222D6405206457AF0030196C /* AuthenticationView.swift */,
				35E422BC206C0DEB0057B422 /* MenuView.xib */,
				35E422BE206C0DFA0057B422 /* MenuView.swift */,
			);
			path = Views;
			sourceTree = "<group>";
		};
		2245B60D20336A2B00F1369B /* Supporting Files */ = {
			isa = PBXGroup;
			children = (
				22EC7D7D2069880F0097E02B /* CDAlertViewExtensions.swift */,
				22AC2AF220535F7700645CC5 /* HorizontalPlane.swift */,
				22BB2EB7204390A400CA71B3 /* MathExpressionExtensions.swift */,
				222D640720645DEE0030196C /* NSLayoutConstraintExtensions.swift */,
				2261C1082037D805003E580C /* SceneViewExtensions.swift */,
				227F984B2034CA7D007FF294 /* SCNNodeExtensions.swift */,
				2261C10A2037D960003E580C /* SCNTransactionExtensions.swift */,
				22B301D4203C9FDA0020CA46 /* SCNVector3Extensions.swift */,
				226D9D0D205EFAB4002F05DD /* SCNVector4Extensions.swift */,
				22AE4EC820681C120012089D /* StringExtensions.swift */,
			);
			path = "Supporting Files";
			sourceTree = "<group>";
		};
		2245B61120336A9800F1369B /* Storyboards */ = {
			isa = PBXGroup;
			children = (
				22E1A87A202AAB5E009A5BFC /* Main.storyboard */,
				22E1A87F202AAB5E009A5BFC /* LaunchScreen.storyboard */,
			);
			path = Storyboards;
			sourceTree = "<group>";
		};
		225815FD2032906F00F546DD /* Boats */ = {
			isa = PBXGroup;
			children = (
				228AB9342030D28500FEC484 /* Boat.swift */,
				2204201720328A7A00303B61 /* SmallBoat.swift */,
				225815F920328EA900F546DD /* MediumBoat.swift */,
				225815FB20328F3D00F546DD /* VikingBoat.swift */,
				35BE87A62036620D004EA2CF /* SailBoat.swift */,
			);
			path = Boats;
			sourceTree = "<group>";
		};
		22E1A868202AAB5E009A5BFC = {
			isa = PBXGroup;
			children = (
				22AE4ECA20681D620012089D /* Gun-Ho-Bridging-Header.h */,
				22E1A873202AAB5E009A5BFC /* Gun Ho */,
				22E1A872202AAB5E009A5BFC /* Products */,
				F7E0D06A68280D4E6205D4FE /* Pods */,
				BFCB48FF62AC77EF34424576 /* Frameworks */,
			);
			sourceTree = "<group>";
		};
		22E1A872202AAB5E009A5BFC /* Products */ = {
			isa = PBXGroup;
			children = (
				22E1A871202AAB5E009A5BFC /* Gun Ho.app */,
			);
			name = Products;
			sourceTree = "<group>";
		};
		22E1A873202AAB5E009A5BFC /* Gun Ho */ = {
			isa = PBXGroup;
			children = (
				22E1A874202AAB5E009A5BFC /* AppDelegate.swift */,
				225815FD2032906F00F546DD /* Boats */,
				222BE230203617530036E867 /* Game Engine */,
				22E1A876202AAB5E009A5BFC /* art.scnassets */,
				2245B60E20336A4B00F1369B /* Assets.xcassets */,
				2245B61120336A9800F1369B /* Storyboards */,
				222D6404206457930030196C /* Views */,
				2245B60F20336A8B00F1369B /* GameViewController.swift */,
				22AE4EC6206819EB0012089D /* WebRequestHandler.swift */,
				222D640D2064ACBE0030196C /* Localizable.strings */,
				22E1A882202AAB5E009A5BFC /* Info.plist */,
				2245B60D20336A2B00F1369B /* Supporting Files */,
			);
			path = "Gun Ho";
			sourceTree = "<group>";
		};
		22EC7D7A20696D1A0097E02B /* Supporting Files */ = {
			isa = PBXGroup;
			children = (
				22A3F5E52045D5AB00D89358 /* BoatSpawner.swift */,
				226D9D0B205EE47A002F05DD /* CollisionMasksForGame.swift */,
				222BE22C203605D40036E867 /* GameObject.swift */,
			);
			path = "Supporting Files";
			sourceTree = "<group>";
		};
		BFCB48FF62AC77EF34424576 /* Frameworks */ = {
			isa = PBXGroup;
			children = (
				74EB10B75494D1E989EAD7E7 /* Pods_Gun_Ho.framework */,
			);
			name = Frameworks;
			sourceTree = "<group>";
		};
		F7E0D06A68280D4E6205D4FE /* Pods */ = {
			isa = PBXGroup;
			children = (
				B912BCDDBC095BF4310C5AA3 /* Pods-Gun Ho.debug.xcconfig */,
				4A73BA3E658AB3189835D6AB /* Pods-Gun Ho.release.xcconfig */,
			);
			name = Pods;
			sourceTree = "<group>";
		};
/* End PBXGroup section */

/* Begin PBXNativeTarget section */
		22E1A870202AAB5E009A5BFC /* Gun Ho */ = {
			isa = PBXNativeTarget;
			buildConfigurationList = 22E1A885202AAB5E009A5BFC /* Build configuration list for PBXNativeTarget "Gun Ho" */;
			buildPhases = (
				15295355A37AE0EEAEB4222B /* [CP] Check Pods Manifest.lock */,
				22E1A86D202AAB5E009A5BFC /* Sources */,
				22E1A86E202AAB5E009A5BFC /* Frameworks */,
				22E1A86F202AAB5E009A5BFC /* Resources */,
				51151634787A1B0D71AABDF8 /* [CP] Embed Pods Frameworks */,
				9892429802F8D2BA598F9C23 /* [CP] Copy Pods Resources */,
			);
			buildRules = (
			);
			dependencies = (
			);
			name = "Gun Ho";
			productName = "Gun Ho";
			productReference = 22E1A871202AAB5E009A5BFC /* Gun Ho.app */;
			productType = "com.apple.product-type.application";
		};
/* End PBXNativeTarget section */

/* Begin PBXProject section */
		22E1A869202AAB5E009A5BFC /* Project object */ = {
			isa = PBXProject;
			attributes = {
				LastSwiftUpdateCheck = 0920;
				LastUpgradeCheck = 0930;
				ORGANIZATIONNAME = "Christopher Perkins";
				TargetAttributes = {
					22E1A870202AAB5E009A5BFC = {
						CreatedOnToolsVersion = 9.2;
						ProvisioningStyle = Automatic;
					};
				};
			};
			buildConfigurationList = 22E1A86C202AAB5E009A5BFC /* Build configuration list for PBXProject "Gun Ho" */;
			compatibilityVersion = "Xcode 8.0";
			developmentRegion = en;
			hasScannedForEncodings = 0;
			knownRegions = (
				en,
				Base,
			);
			mainGroup = 22E1A868202AAB5E009A5BFC;
			productRefGroup = 22E1A872202AAB5E009A5BFC /* Products */;
			projectDirPath = "";
			projectRoot = "";
			targets = (
				22E1A870202AAB5E009A5BFC /* Gun Ho */,
			);
		};
/* End PBXProject section */

/* Begin PBXResourcesBuildPhase section */
		22E1A86F202AAB5E009A5BFC /* Resources */ = {
			isa = PBXResourcesBuildPhase;
			buildActionMask = 2147483647;
			files = (
				22E1A877202AAB5E009A5BFC /* art.scnassets in Resources */,
				222D640E2064ACBE0030196C /* Localizable.strings in Resources */,
				35E422BD206C0DEB0057B422 /* MenuView.xib in Resources */,
				22E1A881202AAB5E009A5BFC /* LaunchScreen.storyboard in Resources */,
				222D6403206452550030196C /* AuthenticationView.xib in Resources */,
				22E1A87C202AAB5E009A5BFC /* Main.storyboard in Resources */,
				222D640C2064A7020030196C /* GuideView.xib in Resources */,
			);
			runOnlyForDeploymentPostprocessing = 0;
		};
/* End PBXResourcesBuildPhase section */

/* Begin PBXShellScriptBuildPhase section */
		15295355A37AE0EEAEB4222B /* [CP] Check Pods Manifest.lock */ = {
			isa = PBXShellScriptBuildPhase;
			buildActionMask = 2147483647;
			files = (
			);
			inputPaths = (
				"${PODS_PODFILE_DIR_PATH}/Podfile.lock",
				"${PODS_ROOT}/Manifest.lock",
			);
			name = "[CP] Check Pods Manifest.lock";
			outputPaths = (
				"$(DERIVED_FILE_DIR)/Pods-Gun Ho-checkManifestLockResult.txt",
			);
			runOnlyForDeploymentPostprocessing = 0;
			shellPath = /bin/sh;
			shellScript = "diff \"${PODS_PODFILE_DIR_PATH}/Podfile.lock\" \"${PODS_ROOT}/Manifest.lock\" > /dev/null\nif [ $? != 0 ] ; then\n    # print error to STDERR\n    echo \"error: The sandbox is not in sync with the Podfile.lock. Run 'pod install' or update your CocoaPods installation.\" >&2\n    exit 1\nfi\n# This output is used by Xcode 'outputs' to avoid re-running this script phase.\necho \"SUCCESS\" > \"${SCRIPT_OUTPUT_FILE_0}\"\n";
			showEnvVarsInLog = 0;
		};
		51151634787A1B0D71AABDF8 /* [CP] Embed Pods Frameworks */ = {
			isa = PBXShellScriptBuildPhase;
			buildActionMask = 2147483647;
			files = (
			);
			inputPaths = (
				"${SRCROOT}/Pods/Target Support Files/Pods-Gun Ho/Pods-Gun Ho-frameworks.sh",
				"${BUILT_PRODUCTS_DIR}/CDAlertView/CDAlertView.framework",
				"${BUILT_PRODUCTS_DIR}/IQKeyboardManagerSwift/IQKeyboardManagerSwift.framework",
				"${BUILT_PRODUCTS_DIR}/SwiftyJSON/SwiftyJSON.framework",
				"${BUILT_PRODUCTS_DIR}/TextFieldEffects/TextFieldEffects.framework",
			);
			name = "[CP] Embed Pods Frameworks";
			outputPaths = (
				"${TARGET_BUILD_DIR}/${FRAMEWORKS_FOLDER_PATH}/CDAlertView.framework",
				"${TARGET_BUILD_DIR}/${FRAMEWORKS_FOLDER_PATH}/IQKeyboardManagerSwift.framework",
				"${TARGET_BUILD_DIR}/${FRAMEWORKS_FOLDER_PATH}/SwiftyJSON.framework",
				"${TARGET_BUILD_DIR}/${FRAMEWORKS_FOLDER_PATH}/TextFieldEffects.framework",
			);
			runOnlyForDeploymentPostprocessing = 0;
			shellPath = /bin/sh;
			shellScript = "\"${SRCROOT}/Pods/Target Support Files/Pods-Gun Ho/Pods-Gun Ho-frameworks.sh\"\n";
			showEnvVarsInLog = 0;
		};
		9892429802F8D2BA598F9C23 /* [CP] Copy Pods Resources */ = {
			isa = PBXShellScriptBuildPhase;
			buildActionMask = 2147483647;
			files = (
			);
			inputPaths = (
			);
			name = "[CP] Copy Pods Resources";
			outputPaths = (
			);
			runOnlyForDeploymentPostprocessing = 0;
			shellPath = /bin/sh;
			shellScript = "\"${SRCROOT}/Pods/Target Support Files/Pods-Gun Ho/Pods-Gun Ho-resources.sh\"\n";
			showEnvVarsInLog = 0;
		};
/* End PBXShellScriptBuildPhase section */

/* Begin PBXSourcesBuildPhase section */
		22E1A86D202AAB5E009A5BFC /* Sources */ = {
			isa = PBXSourcesBuildPhase;
			buildActionMask = 2147483647;
			files = (
				22AE4EC7206819EB0012089D /* WebRequestHandler.swift in Sources */,
				227F984C2034CA7D007FF294 /* SCNNodeExtensions.swift in Sources */,
				22A3F5E62045D5AB00D89358 /* BoatSpawner.swift in Sources */,
				2245B61020336A8B00F1369B /* GameViewController.swift in Sources */,
				226D9D0C205EE47A002F05DD /* CollisionMasksForGame.swift in Sources */,
				226D9D0E205EFAB4002F05DD /* SCNVector4Extensions.swift in Sources */,
				35BE87A72036620D004EA2CF /* SailBoat.swift in Sources */,
				35E422BF206C0DFA0057B422 /* MenuView.swift in Sources */,
				222BE22E203605D40036E867 /* GameObject.swift in Sources */,
				2229133620655C3E0044CF0F /* GameManagerDelegate.swift in Sources */,
				225815FA20328EA900F546DD /* MediumBoat.swift in Sources */,
				22BB2EB8204390A400CA71B3 /* MathExpressionExtensions.swift in Sources */,
				228AB9352030D28500FEC484 /* Boat.swift in Sources */,
				2261C1092037D805003E580C /* SceneViewExtensions.swift in Sources */,
				2261C10B2037D960003E580C /* SCNTransactionExtensions.swift in Sources */,
				222D6406206457AF0030196C /* AuthenticationView.swift in Sources */,
				22AC2AF320535F7700645CC5 /* HorizontalPlane.swift in Sources */,
				2204201820328A7A00303B61 /* SmallBoat.swift in Sources */,
				22E1A875202AAB5E009A5BFC /* AppDelegate.swift in Sources */,
				225815FC20328F3D00F546DD /* VikingBoat.swift in Sources */,
				222D640820645DEE0030196C /* NSLayoutConstraintExtensions.swift in Sources */,
				222D640A2064A6700030196C /* GuideView.swift in Sources */,
				22AE4EC920681C120012089D /* StringExtensions.swift in Sources */,
				222BE22F203605D40036E867 /* GameManager.swift in Sources */,
				22EC7D7E2069880F0097E02B /* CDAlertViewExtensions.swift in Sources */,
				22B301D5203C9FDA0020CA46 /* SCNVector3Extensions.swift in Sources */,
			);
			runOnlyForDeploymentPostprocessing = 0;
		};
/* End PBXSourcesBuildPhase section */

/* Begin PBXVariantGroup section */
		22E1A87A202AAB5E009A5BFC /* Main.storyboard */ = {
			isa = PBXVariantGroup;
			children = (
				22E1A87B202AAB5E009A5BFC /* Base */,
			);
			name = Main.storyboard;
			sourceTree = "<group>";
		};
		22E1A87F202AAB5E009A5BFC /* LaunchScreen.storyboard */ = {
			isa = PBXVariantGroup;
			children = (
				22E1A880202AAB5E009A5BFC /* Base */,
			);
			name = LaunchScreen.storyboard;
			sourceTree = "<group>";
		};
/* End PBXVariantGroup section */

/* Begin XCBuildConfiguration section */
		22E1A883202AAB5E009A5BFC /* Debug */ = {
			isa = XCBuildConfiguration;
			buildSettings = {
				ALWAYS_SEARCH_USER_PATHS = NO;
				CLANG_ANALYZER_NONNULL = YES;
				CLANG_ANALYZER_NUMBER_OBJECT_CONVERSION = YES_AGGRESSIVE;
				CLANG_CXX_LANGUAGE_STANDARD = "gnu++14";
				CLANG_CXX_LIBRARY = "libc++";
				CLANG_ENABLE_MODULES = YES;
				CLANG_ENABLE_OBJC_ARC = YES;
				CLANG_WARN_BLOCK_CAPTURE_AUTORELEASING = YES;
				CLANG_WARN_BOOL_CONVERSION = YES;
				CLANG_WARN_COMMA = YES;
				CLANG_WARN_CONSTANT_CONVERSION = YES;
				CLANG_WARN_DEPRECATED_OBJC_IMPLEMENTATIONS = YES;
				CLANG_WARN_DIRECT_OBJC_ISA_USAGE = YES_ERROR;
				CLANG_WARN_DOCUMENTATION_COMMENTS = YES;
				CLANG_WARN_EMPTY_BODY = YES;
				CLANG_WARN_ENUM_CONVERSION = YES;
				CLANG_WARN_INFINITE_RECURSION = YES;
				CLANG_WARN_INT_CONVERSION = YES;
				CLANG_WARN_NON_LITERAL_NULL_CONVERSION = YES;
				CLANG_WARN_OBJC_IMPLICIT_RETAIN_SELF = YES;
				CLANG_WARN_OBJC_LITERAL_CONVERSION = YES;
				CLANG_WARN_OBJC_ROOT_CLASS = YES_ERROR;
				CLANG_WARN_RANGE_LOOP_ANALYSIS = YES;
				CLANG_WARN_STRICT_PROTOTYPES = YES;
				CLANG_WARN_SUSPICIOUS_MOVE = YES;
				CLANG_WARN_UNGUARDED_AVAILABILITY = YES_AGGRESSIVE;
				CLANG_WARN_UNREACHABLE_CODE = YES;
				CLANG_WARN__DUPLICATE_METHOD_MATCH = YES;
				CODE_SIGN_IDENTITY = "iPhone Developer";
				COPY_PHASE_STRIP = NO;
				DEBUG_INFORMATION_FORMAT = dwarf;
				ENABLE_STRICT_OBJC_MSGSEND = YES;
				ENABLE_TESTABILITY = YES;
				GCC_C_LANGUAGE_STANDARD = gnu11;
				GCC_DYNAMIC_NO_PIC = NO;
				GCC_NO_COMMON_BLOCKS = YES;
				GCC_OPTIMIZATION_LEVEL = 0;
				GCC_PREPROCESSOR_DEFINITIONS = (
					"DEBUG=1",
					"$(inherited)",
				);
				GCC_WARN_64_TO_32_BIT_CONVERSION = YES;
				GCC_WARN_ABOUT_RETURN_TYPE = YES_ERROR;
				GCC_WARN_UNDECLARED_SELECTOR = YES;
				GCC_WARN_UNINITIALIZED_AUTOS = YES_AGGRESSIVE;
				GCC_WARN_UNUSED_FUNCTION = YES;
				GCC_WARN_UNUSED_VARIABLE = YES;
				IPHONEOS_DEPLOYMENT_TARGET = 11.3;
				MTL_ENABLE_DEBUG_INFO = YES;
				ONLY_ACTIVE_ARCH = YES;
				SDKROOT = iphoneos;
				SWIFT_ACTIVE_COMPILATION_CONDITIONS = DEBUG;
				SWIFT_OPTIMIZATION_LEVEL = "-Onone";
			};
			name = Debug;
		};
		22E1A884202AAB5E009A5BFC /* Release */ = {
			isa = XCBuildConfiguration;
			buildSettings = {
				ALWAYS_SEARCH_USER_PATHS = NO;
				CLANG_ANALYZER_NONNULL = YES;
				CLANG_ANALYZER_NUMBER_OBJECT_CONVERSION = YES_AGGRESSIVE;
				CLANG_CXX_LANGUAGE_STANDARD = "gnu++14";
				CLANG_CXX_LIBRARY = "libc++";
				CLANG_ENABLE_MODULES = YES;
				CLANG_ENABLE_OBJC_ARC = YES;
				CLANG_WARN_BLOCK_CAPTURE_AUTORELEASING = YES;
				CLANG_WARN_BOOL_CONVERSION = YES;
				CLANG_WARN_COMMA = YES;
				CLANG_WARN_CONSTANT_CONVERSION = YES;
				CLANG_WARN_DEPRECATED_OBJC_IMPLEMENTATIONS = YES;
				CLANG_WARN_DIRECT_OBJC_ISA_USAGE = YES_ERROR;
				CLANG_WARN_DOCUMENTATION_COMMENTS = YES;
				CLANG_WARN_EMPTY_BODY = YES;
				CLANG_WARN_ENUM_CONVERSION = YES;
				CLANG_WARN_INFINITE_RECURSION = YES;
				CLANG_WARN_INT_CONVERSION = YES;
				CLANG_WARN_NON_LITERAL_NULL_CONVERSION = YES;
				CLANG_WARN_OBJC_IMPLICIT_RETAIN_SELF = YES;
				CLANG_WARN_OBJC_LITERAL_CONVERSION = YES;
				CLANG_WARN_OBJC_ROOT_CLASS = YES_ERROR;
				CLANG_WARN_RANGE_LOOP_ANALYSIS = YES;
				CLANG_WARN_STRICT_PROTOTYPES = YES;
				CLANG_WARN_SUSPICIOUS_MOVE = YES;
				CLANG_WARN_UNGUARDED_AVAILABILITY = YES_AGGRESSIVE;
				CLANG_WARN_UNREACHABLE_CODE = YES;
				CLANG_WARN__DUPLICATE_METHOD_MATCH = YES;
				CODE_SIGN_IDENTITY = "iPhone Developer";
				COPY_PHASE_STRIP = NO;
				DEBUG_INFORMATION_FORMAT = "dwarf-with-dsym";
				ENABLE_NS_ASSERTIONS = NO;
				ENABLE_STRICT_OBJC_MSGSEND = YES;
				GCC_C_LANGUAGE_STANDARD = gnu11;
				GCC_NO_COMMON_BLOCKS = YES;
				GCC_WARN_64_TO_32_BIT_CONVERSION = YES;
				GCC_WARN_ABOUT_RETURN_TYPE = YES_ERROR;
				GCC_WARN_UNDECLARED_SELECTOR = YES;
				GCC_WARN_UNINITIALIZED_AUTOS = YES_AGGRESSIVE;
				GCC_WARN_UNUSED_FUNCTION = YES;
				GCC_WARN_UNUSED_VARIABLE = YES;
				IPHONEOS_DEPLOYMENT_TARGET = 11.3;
				MTL_ENABLE_DEBUG_INFO = NO;
				SDKROOT = iphoneos;
				SWIFT_OPTIMIZATION_LEVEL = "-Owholemodule";
				VALIDATE_PRODUCT = YES;
			};
			name = Release;
		};
		22E1A886202AAB5E009A5BFC /* Debug */ = {
			isa = XCBuildConfiguration;
			baseConfigurationReference = B912BCDDBC095BF4310C5AA3 /* Pods-Gun Ho.debug.xcconfig */;
			buildSettings = {
				ASSETCATALOG_COMPILER_APPICON_NAME = AppIcon;
				CODE_SIGN_STYLE = Automatic;
				DEVELOPMENT_TEAM = DB8SUTA9JU;
				INFOPLIST_FILE = "Gun Ho/Info.plist";
				LD_RUNPATH_SEARCH_PATHS = "$(inherited) @executable_path/Frameworks";
				PRODUCT_BUNDLE_IDENTIFIER = "com.temporaryID.Gun-Ho";
				PRODUCT_NAME = "$(TARGET_NAME)";
				SWIFT_OBJC_BRIDGING_HEADER = "$PROJECT_DIR/Gun-Ho-Bridging-Header.h";
				SWIFT_VERSION = 4.0;
				TARGETED_DEVICE_FAMILY = "1,2";
			};
			name = Debug;
		};
		22E1A887202AAB5E009A5BFC /* Release */ = {
			isa = XCBuildConfiguration;
			baseConfigurationReference = 4A73BA3E658AB3189835D6AB /* Pods-Gun Ho.release.xcconfig */;
			buildSettings = {
				ASSETCATALOG_COMPILER_APPICON_NAME = AppIcon;
				CODE_SIGN_STYLE = Automatic;
				DEVELOPMENT_TEAM = DB8SUTA9JU;
				INFOPLIST_FILE = "Gun Ho/Info.plist";
				LD_RUNPATH_SEARCH_PATHS = "$(inherited) @executable_path/Frameworks";
				PRODUCT_BUNDLE_IDENTIFIER = "com.temporaryID.Gun-Ho";
				PRODUCT_NAME = "$(TARGET_NAME)";
				SWIFT_OBJC_BRIDGING_HEADER = "$PROJECT_DIR/Gun-Ho-Bridging-Header.h";
				SWIFT_VERSION = 4.0;
				TARGETED_DEVICE_FAMILY = "1,2";
			};
			name = Release;
		};
/* End XCBuildConfiguration section */

/* Begin XCConfigurationList section */
		22E1A86C202AAB5E009A5BFC /* Build configuration list for PBXProject "Gun Ho" */ = {
			isa = XCConfigurationList;
			buildConfigurations = (
				22E1A883202AAB5E009A5BFC /* Debug */,
				22E1A884202AAB5E009A5BFC /* Release */,
			);
			defaultConfigurationIsVisible = 0;
			defaultConfigurationName = Release;
		};
		22E1A885202AAB5E009A5BFC /* Build configuration list for PBXNativeTarget "Gun Ho" */ = {
			isa = XCConfigurationList;
			buildConfigurations = (
				22E1A886202AAB5E009A5BFC /* Debug */,
				22E1A887202AAB5E009A5BFC /* Release */,
			);
			defaultConfigurationIsVisible = 0;
			defaultConfigurationName = Release;
		};
/* End XCConfigurationList section */
	};
	rootObject = 22E1A869202AAB5E009A5BFC /* Project object */;
}
